{
  "nodes": {
    "nixpkgs": {
      "locked": {
        "lastModified": 1771369470,
        "narHash": "sha256-0NBlEBKkN3lufyvFegY4TYv5mCNHbi5OmBDrzihbBMQ=",
        "owner": "NixOS",
        "repo": "nixpkgs",
        "rev": "0182a361324364ae3f436a63005877674cf45efb",
        "type": "github"
      },
      "original": {
        "owner": "NixOS",
        "ref": "nixos-unstable",
        "repo": "nixpkgs",
        "type": "github"
      }
    },
    "owl": {
      "flake": false,
      "locked": {
        "lastModified": 1770919242,
        "narHash": "sha256-LiOwDqqOu7DmzbBOot57IxZ2v5Qk1le58iAUmSRZsr8=",
        "owner": "tonybanters",
        "repo": "owl",
        "rev": "f9a758bce9e2d1784fe3b2aa6832c28a49b19f79",
        "type": "github"
      },
      "original": {
        "owner": "tonybanters",
        "repo": "owl",
        "type": "github"
      }
    },
    "root": {
      "inputs": {
        "nixpkgs": "nixpkgs",
        "owl": "owl"
      }
    }
  },
  "root": "root",
  "version": 7
}
